// !$*UTF8*$!
{
	archiveVersion = 1;
	classes = {
	};
	objectVersion = 46;
	objects = {

/* Begin PBXBuildFile section */
		4CB1CABB1B9C5A4D0085E9DD /* GPHomeViewController.swift in Sources */ = {isa = PBXBuildFile; fileRef = 4CB1CABA1B9C5A4D0085E9DD /* GPHomeViewController.swift */; };
		4CB1CABE1B9CA6CF0085E9DD /* ansi_3a.csv in Resources */ = {isa = PBXBuildFile; fileRef = 4CB1CABD1B9CA6CF0085E9DD /* ansi_3a.csv */; };
		4CC23D711B97AD5800DF9CED /* AppDelegate.swift in Sources */ = {isa = PBXBuildFile; fileRef = 4CC23D701B97AD5800DF9CED /* AppDelegate.swift */; };
		4CC23D731B97AD5800DF9CED /* ViewController.swift in Sources */ = {isa = PBXBuildFile; fileRef = 4CC23D721B97AD5800DF9CED /* ViewController.swift */; };
		4CC23D761B97AD5800DF9CED /* Main.storyboard in Resources */ = {isa = PBXBuildFile; fileRef = 4CC23D741B97AD5800DF9CED /* Main.storyboard */; };
		4CC23D781B97AD5800DF9CED /* Images.xcassets in Resources */ = {isa = PBXBuildFile; fileRef = 4CC23D771B97AD5800DF9CED /* Images.xcassets */; };
		4CC23D7B1B97AD5800DF9CED /* LaunchScreen.xib in Resources */ = {isa = PBXBuildFile; fileRef = 4CC23D791B97AD5800DF9CED /* LaunchScreen.xib */; };
		4CC23D871B97AD5800DF9CED /* EKG_AnalizaTests.swift in Sources */ = {isa = PBXBuildFile; fileRef = 4CC23D861B97AD5800DF9CED /* EKG_AnalizaTests.swift */; };
/* End PBXBuildFile section */

/* Begin PBXContainerItemProxy section */
		4CC23D811B97AD5800DF9CED /* PBXContainerItemProxy */ = {
			isa = PBXContainerItemProxy;
			containerPortal = 4CC23D631B97AD5800DF9CED /* Project object */;
			proxyType = 1;
			remoteGlobalIDString = 4CC23D6A1B97AD5800DF9CED;
			remoteInfo = "EKG Analiza";
		};
/* End PBXContainerItemProxy section */

/* Begin PBXFileReference section */
		4CB1CABA1B9C5A4D0085E9DD /* GPHomeViewController.swift */ = {isa = PBXFileReference; fileEncoding = 4; lastKnownFileType = sourcecode.swift; path = GPHomeViewController.swift; sourceTree = "<group>"; };
		4CB1CABD1B9CA6CF0085E9DD /* ansi_3a.csv */ = {isa = PBXFileReference; fileEncoding = 4; lastKnownFileType = text; path = ansi_3a.csv; sourceTree = "<group>"; };
		4CC23D6B1B97AD5800DF9CED /* EKG Analiza.app */ = {isa = PBXFileReference; explicitFileType = wrapper.application; includeInIndex = 0; path = "EKG Analiza.app"; sourceTree = BUILT_PRODUCTS_DIR; };
		4CC23D6F1B97AD5800DF9CED /* Info.plist */ = {isa = PBXFileReference; lastKnownFileType = text.plist.xml; path = Info.plist; sourceTree = "<group>"; };
		4CC23D701B97AD5800DF9CED /* AppDelegate.swift */ = {isa = PBXFileReference; lastKnownFileType = sourcecode.swift; path = AppDelegate.swift; sourceTree = "<group>"; };
		4CC23D721B97AD5800DF9CED /* ViewController.swift */ = {isa = PBXFileReference; lastKnownFileType = sourcecode.swift; path = ViewController.swift; sourceTree = "<group>"; };
		4CC23D751B97AD5800DF9CED /* Base */ = {isa = PBXFileReference; lastKnownFileType = file.storyboard; name = Base; path = Base.lproj/Main.storyboard; sourceTree = "<group>"; };
		4CC23D771B97AD5800DF9CED /* Images.xcassets */ = {isa = PBXFileReference; lastKnownFileType = folder.assetcatalog; path = Images.xcassets; sourceTree = "<group>"; };
		4CC23D7A1B97AD5800DF9CED /* Base */ = {isa = PBXFileReference; lastKnownFileType = file.xib; name = Base; path = Base.lproj/LaunchScreen.xib; sourceTree = "<group>"; };
		4CC23D801B97AD5800DF9CED /* EKG AnalizaTests.xctest */ = {isa = PBXFileReference; explicitFileType = wrapper.cfbundle; includeInIndex = 0; path = "EKG AnalizaTests.xctest"; sourceTree = BUILT_PRODUCTS_DIR; };
		4CC23D851B97AD5800DF9CED /* Info.plist */ = {isa = PBXFileReference; lastKnownFileType = text.plist.xml; path = Info.plist; sourceTree = "<group>"; };
		4CC23D861B97AD5800DF9CED /* EKG_AnalizaTests.swift */ = {isa = PBXFileReference; lastKnownFileType = sourcecode.swift; path = EKG_AnalizaTests.swift; sourceTree = "<group>"; };
/* End PBXFileReference section */

/* Begin PBXFrameworksBuildPhase section */
		4CC23D681B97AD5800DF9CED /* Frameworks */ = {
			isa = PBXFrameworksBuildPhase;
			buildActionMask = 2147483647;
			files = (
			);
			runOnlyForDeploymentPostprocessing = 0;
		};
		4CC23D7D1B97AD5800DF9CED /* Frameworks */ = {
			isa = PBXFrameworksBuildPhase;
			buildActionMask = 2147483647;
			files = (
			);
			runOnlyForDeploymentPostprocessing = 0;
		};
/* End PBXFrameworksBuildPhase section */

/* Begin PBXGroup section */
		4CB1CABC1B9CA6B10085E9DD /* EKG Signal CSV */ = {
			isa = PBXGroup;
			children = (
				4CB1CABD1B9CA6CF0085E9DD /* ansi_3a.csv */,
			);
			name = "EKG Signal CSV";
			sourceTree = "<group>";
		};
		4CC23D621B97AD5800DF9CED = {
			isa = PBXGroup;
			children = (
				4CC23D6D1B97AD5800DF9CED /* EKG Analiza */,
				4CC23D831B97AD5800DF9CED /* EKG AnalizaTests */,
				4CC23D6C1B97AD5800DF9CED /* Products */,
			);
			sourceTree = "<group>";
		};
		4CC23D6C1B97AD5800DF9CED /* Products */ = {
			isa = PBXGroup;
			children = (
				4CC23D6B1B97AD5800DF9CED /* EKG Analiza.app */,
				4CC23D801B97AD5800DF9CED /* EKG AnalizaTests.xctest */,
			);
			name = Products;
			sourceTree = "<group>";
		};
		4CC23D6D1B97AD5800DF9CED /* EKG Analiza */ = {
			isa = PBXGroup;
			children = (
				4CB1CABC1B9CA6B10085E9DD /* EKG Signal CSV */,
				4CC23D701B97AD5800DF9CED /* AppDelegate.swift */,
				4CC23D721B97AD5800DF9CED /* ViewController.swift */,
				4CC23D741B97AD5800DF9CED /* Main.storyboard */,
				4CC23D771B97AD5800DF9CED /* Images.xcassets */,
				4CC23D791B97AD5800DF9CED /* LaunchScreen.xib */,
				4CC23D6E1B97AD5800DF9CED /* Supporting Files */,
				4CB1CABA1B9C5A4D0085E9DD /* GPHomeViewController.swift */,
			);
			path = "EKG Analiza";
			sourceTree = "<group>";
		};
		4CC23D6E1B97AD5800DF9CED /* Supporting Files */ = {
			isa = PBXGroup;
			children = (
				4CC23D6F1B97AD5800DF9CED /* Info.plist */,
			);
			name = "Supporting Files";
			sourceTree = "<group>";
		};
		4CC23D831B97AD5800DF9CED /* EKG AnalizaTests */ = {
			isa = PBXGroup;
			children = (
				4CC23D861B97AD5800DF9CED /* EKG_AnalizaTests.swift */,
				4CC23D841B97AD5800DF9CED /* Supporting Files */,
			);
			path = "EKG AnalizaTests";
			sourceTree = "<group>";
		};
		4CC23D841B97AD5800DF9CED /* Supporting Files */ = {
			isa = PBXGroup;
			children = (
				4CC23D851B97AD5800DF9CED /* Info.plist */,
			);
			name = "Supporting Files";
			sourceTree = "<group>";
		};
/* End PBXGroup section */

/* Begin PBXNativeTarget section */
		4CC23D6A1B97AD5800DF9CED /* EKG Analiza */ = {
			isa = PBXNativeTarget;
			buildConfigurationList = 4CC23D8A1B97AD5800DF9CED /* Build configuration list for PBXNativeTarget "EKG Analiza" */;
			buildPhases = (
				4CC23D671B97AD5800DF9CED /* Sources */,
				4CC23D681B97AD5800DF9CED /* Frameworks */,
				4CC23D691B97AD5800DF9CED /* Resources */,
			);
			buildRules = (
			);
			dependencies = (
			);
			name = "EKG Analiza";
			productName = "EKG Analiza";
			productReference = 4CC23D6B1B97AD5800DF9CED /* EKG Analiza.app */;
			productType = "com.apple.product-type.application";
		};
		4CC23D7F1B97AD5800DF9CED /* EKG AnalizaTests */ = {
			isa = PBXNativeTarget;
			buildConfigurationList = 4CC23D8D1B97AD5800DF9CED /* Build configuration list for PBXNativeTarget "EKG AnalizaTests" */;
			buildPhases = (
				4CC23D7C1B97AD5800DF9CED /* Sources */,
				4CC23D7D1B97AD5800DF9CED /* Frameworks */,
				4CC23D7E1B97AD5800DF9CED /* Resources */,
			);
			buildRules = (
			);
			dependencies = (
				4CC23D821B97AD5800DF9CED /* PBXTargetDependency */,
			);
			name = "EKG AnalizaTests";
			productName = "EKG AnalizaTests";
			productReference = 4CC23D801B97AD5800DF9CED /* EKG AnalizaTests.xctest */;
			productType = "com.apple.product-type.bundle.unit-test";
		};
/* End PBXNativeTarget section */

/* Begin PBXProject section */
		4CC23D631B97AD5800DF9CED /* Project object */ = {
			isa = PBXProject;
			attributes = {
				LastUpgradeCheck = 0640;
				ORGANIZATIONNAME = "Goran Pejic";
				TargetAttributes = {
					4CC23D6A1B97AD5800DF9CED = {
						CreatedOnToolsVersion = 6.4;
					};
					4CC23D7F1B97AD5800DF9CED = {
						CreatedOnToolsVersion = 6.4;
						TestTargetID = 4CC23D6A1B97AD5800DF9CED;
					};
				};
			};
			buildConfigurationList = 4CC23D661B97AD5800DF9CED /* Build configuration list for PBXProject "EKG Analiza" */;
			compatibilityVersion = "Xcode 3.2";
			developmentRegion = English;
			hasScannedForEncodings = 0;
			knownRegions = (
				en,
				Base,
			);
			mainGroup = 4CC23D621B97AD5800DF9CED;
			productRefGroup = 4CC23D6C1B97AD5800DF9CED /* Products */;
			projectDirPath = "";
			projectRoot = "";
			targets = (
				4CC23D6A1B97AD5800DF9CED /* EKG Analiza */,
				4CC23D7F1B97AD5800DF9CED /* EKG AnalizaTests */,
			);
		};
/* End PBXProject section */

/* Begin PBXResourcesBuildPhase section */
		4CC23D691B97AD5800DF9CED /* Resources */ = {
			isa = PBXResourcesBuildPhase;
			buildActionMask = 2147483647;
			files = (
				4CC23D761B97AD5800DF9CED /* Main.storyboard in Resources */,
				4CC23D7B1B97AD5800DF9CED /* LaunchScreen.xib in Resources */,
				4CC23D781B97AD5800DF9CED /* Images.xcassets in Resources */,
				4CB1CABE1B9CA6CF0085E9DD /* ansi_3a.csv in Resources */,
			);
			runOnlyForDeploymentPostprocessing = 0;
		};
		4CC23D7E1B97AD5800DF9CED /* Resources */ = {
			isa = PBXResourcesBuildPhase;
			buildActionMask = 2147483647;
			files = (
			);
			runOnlyForDeploymentPostprocessing = 0;
		};
/* End PBXResourcesBuildPhase section */

/* Begin PBXSourcesBuildPhase section */
		4CC23D671B97AD5800DF9CED /* Sources */ = {
			isa = PBXSourcesBuildPhase;
			buildActionMask = 2147483647;
			files = (
				4CB1CABB1B9C5A4D0085E9DD /* GPHomeViewController.swift in Sources */,
				4CC23D731B97AD5800DF9CED /* ViewController.swift in Sources */,
				4CC23D711B97AD5800DF9CED /* AppDelegate.swift in Sources */,
			);
			runOnlyForDeploymentPostprocessing = 0;
		};
		4CC23D7C1B97AD5800DF9CED /* Sources */ = {
			isa = PBXSourcesBuildPhase;
			buildActionMask = 2147483647;
			files = (
				4CC23D871B97AD5800DF9CED /* EKG_AnalizaTests.swift in Sources */,
			);
			runOnlyForDeploymentPostprocessing = 0;
		};
/* End PBXSourcesBuildPhase section */

/* Begin PBXTargetDependency section */
		4CC23D821B97AD5800DF9CED /* PBXTargetDependency */ = {
			isa = PBXTargetDependency;
			target = 4CC23D6A1B97AD5800DF9CED /* EKG Analiza */;
			targetProxy = 4CC23D811B97AD5800DF9CED /* PBXContainerItemProxy */;
		};
/* End PBXTargetDependency section */

/* Begin PBXVariantGroup section */
		4CC23D741B97AD5800DF9CED /* Main.storyboard */ = {
			isa = PBXVariantGroup;
			children = (
				4CC23D751B97AD5800DF9CED /* Base */,
			);
			name = Main.storyboard;
			sourceTree = "<group>";
		};
		4CC23D791B97AD5800DF9CED /* LaunchScreen.xib */ = {
			isa = PBXVariantGroup;
			children = (
				4CC23D7A1B97AD5800DF9CED /* Base */,
			);
			name = LaunchScreen.xib;
			sourceTree = "<group>";
		};
/* End PBXVariantGroup section */

/* Begin XCBuildConfiguration section */
		4CC23D881B97AD5800DF9CED /* Debug */ = {
			isa = XCBuildConfiguration;
			buildSettings = {
				ALWAYS_SEARCH_USER_PATHS = NO;
				CLANG_CXX_LANGUAGE_STANDARD = "gnu++0x";
				CLANG_CXX_LIBRARY = "libc++";
				CLANG_ENABLE_MODULES = YES;
				CLANG_ENABLE_OBJC_ARC = YES;
				CLANG_WARN_BOOL_CONVERSION = YES;
				CLANG_WARN_CONSTANT_CONVERSION = YES;
				CLANG_WARN_DIRECT_OBJC_ISA_USAGE = YES_ERROR;
				CLANG_WARN_EMPTY_BODY = YES;
				CLANG_WARN_ENUM_CONVERSION = YES;
				CLANG_WARN_INT_CONVERSION = YES;
				CLANG_WARN_OBJC_ROOT_CLASS = YES_ERROR;
				CLANG_WARN_UNREACHABLE_CODE = YES;
				CLANG_WARN__DUPLICATE_METHOD_MATCH = YES;
				"CODE_SIGN_IDENTITY[sdk=iphoneos*]" = "iPhone Developer";
				COPY_PHASE_STRIP = NO;
				DEBUG_INFORMATION_FORMAT = "dwarf-with-dsym";
				ENABLE_STRICT_OBJC_MSGSEND = YES;
				GCC_C_LANGUAGE_STANDARD = gnu99;
				GCC_DYNAMIC_NO_PIC = NO;
				GCC_NO_COMMON_BLOCKS = YES;
				GCC_OPTIMIZATION_LEVEL = 0;
				GCC_PREPROCESSOR_DEFINITIONS = (
					"DEBUG=1",
					"$(inherited)",
				);
				GCC_SYMBOLS_PRIVATE_EXTERN = NO;
				GCC_WARN_64_TO_32_BIT_CONVERSION = YES;
				GCC_WARN_ABOUT_RETURN_TYPE = YES_ERROR;
				GCC_WARN_UNDECLARED_SELECTOR = YES;
				GCC_WARN_UNINITIALIZED_AUTOS = YES_AGGRESSIVE;
				GCC_WARN_UNUSED_FUNCTION = YES;
				GCC_WARN_UNUSED_VARIABLE = YES;
				IPHONEOS_DEPLOYMENT_TARGET = 8.4;
				MTL_ENABLE_DEBUG_INFO = YES;
				ONLY_ACTIVE_ARCH = YES;
				SDKROOT = iphoneos;
				SWIFT_OPTIMIZATION_LEVEL = "-Onone";
				TARGETED_DEVICE_FAMILY = 2;
			};
			name = Debug;
		};
		4CC23D891B97AD5800DF9CED /* Release */ = {
			isa = XCBuildConfiguration;
			buildSettings = {
				ALWAYS_SEARCH_USER_PATHS = NO;
				CLANG_CXX_LANGUAGE_STANDARD = "gnu++0x";
				CLANG_CXX_LIBRARY = "libc++";
				CLANG_ENABLE_MODULES = YES;
				CLANG_ENABLE_OBJC_ARC = YES;
				CLANG_WARN_BOOL_CONVERSION = YES;
				CLANG_WARN_CONSTANT_CONVERSION = YES;
				CLANG_WARN_DIRECT_OBJC_ISA_USAGE = YES_ERROR;
				CLANG_WARN_EMPTY_BODY = YES;
				CLANG_WARN_ENUM_CONVERSION = YES;
				CLANG_WARN_INT_CONVERSION = YES;
				CLANG_WARN_OBJC_ROOT_CLASS = YES_ERROR;
				CLANG_WARN_UNREACHABLE_CODE = YES;
				CLANG_WARN__DUPLICATE_METHOD_MATCH = YES;
				"CODE_SIGN_IDENTITY[sdk=iphoneos*]" = "iPhone Developer";
				COPY_PHASE_STRIP = NO;
				DEBUG_INFORMATION_FORMAT = "dwarf-with-dsym";
				ENABLE_NS_ASSERTIONS = NO;
				ENABLE_STRICT_OBJC_MSGSEND = YES;
				GCC_C_LANGUAGE_STANDARD = gnu99;
				GCC_NO_COMMON_BLOCKS = YES;
				GCC_WARN_64_TO_32_BIT_CONVERSION = YES;
				GCC_WARN_ABOUT_RETURN_TYPE = YES_ERROR;
				GCC_WARN_UNDECLARED_SELECTOR = YES;
				GCC_WARN_UNINITIALIZED_AUTOS = YES_AGGRESSIVE;
				GCC_WARN_UNUSED_FUNCTION = YES;
				GCC_WARN_UNUSED_VARIABLE = YES;
				IPHONEOS_DEPLOYMENT_TARGET = 8.4;
				MTL_ENABLE_DEBUG_INFO = NO;
				SDKROOT = iphoneos;
				TARGETED_DEVICE_FAMILY = 2;
				VALIDATE_PRODUCT = YES;
			};
			name = Release;
		};
		4CC23D8B1B97AD5800DF9CED /* Debug */ = {
			isa = XCBuildConfiguration;
			buildSettings = {
				ASSETCATALOG_COMPILER_APPICON_NAME = AppIcon;
				INFOPLIST_FILE = "EKG Analiza/Info.plist";
				LD_RUNPATH_SEARCH_PATHS = "$(inherited) @executable_path/Frameworks";
				PRODUCT_NAME = "$(TARGET_NAME)";
			};
			name = Debug;
		};
		4CC23D8C1B97AD5800DF9CED /* Release */ = {
			isa = XCBuildConfiguration;
			buildSettings = {
				ASSETCATALOG_COMPILER_APPICON_NAME = AppIcon;
				INFOPLIST_FILE = "EKG Analiza/Info.plist";
				LD_RUNPATH_SEARCH_PATHS = "$(inherited) @executable_path/Frameworks";
				PRODUCT_NAME = "$(TARGET_NAME)";
			};
			name = Release;
		};
		4CC23D8E1B97AD5800DF9CED /* Debug */ = {
			isa = XCBuildConfiguration;
			buildSettings = {
				BUNDLE_LOADER = "$(TEST_HOST)";
				FRAMEWORK_SEARCH_PATHS = (
					"$(SDKROOT)/Developer/Library/Frameworks",
					"$(inherited)",
				);
				GCC_PREPROCESSOR_DEFINITIONS = (
					"DEBUG=1",
					"$(inherited)",
				);
				INFOPLIST_FILE = "EKG AnalizaTests/Info.plist";
				LD_RUNPATH_SEARCH_PATHS = "$(inherited) @executable_path/Frameworks @loader_path/Frameworks";
				PRODUCT_NAME = "$(TARGET_NAME)";
				TEST_HOST = "$(BUILT_PRODUCTS_DIR)/EKG Analiza.app/EKG Analiza";
			};
			name = Debug;
		};
		4CC23D8F1B97AD5800DF9CED /* Release */ = {
			isa = XCBuildConfiguration;
			buildSettings = {
				BUNDLE_LOADER = "$(TEST_HOST)";
				FRAMEWORK_SEARCH_PATHS = (
					"$(SDKROOT)/Developer/Library/Frameworks",
					"$(inherited)",
				);
				INFOPLIST_FILE = "EKG AnalizaTests/Info.plist";
				LD_RUNPATH_SEARCH_PATHS = "$(inherited) @executable_path/Frameworks @loader_path/Frameworks";
				PRODUCT_NAME = "$(TARGET_NAME)";
				TEST_HOST = "$(BUILT_PRODUCTS_DIR)/EKG Analiza.app/EKG Analiza";
			};
			name = Release;
		};
/* End XCBuildConfiguration section */

/* Begin XCConfigurationList section */
		4CC23D661B97AD5800DF9CED /* Build configuration list for PBXProject "EKG Analiza" */ = {
			isa = XCConfigurationList;
			buildConfigurations = (
				4CC23D881B97AD5800DF9CED /* Debug */,
				4CC23D891B97AD5800DF9CED /* Release */,
			);
			defaultConfigurationIsVisible = 0;
			defaultConfigurationName = Release;
		};
		4CC23D8A1B97AD5800DF9CED /* Build configuration list for PBXNativeTarget "EKG Analiza" */ = {
			isa = XCConfigurationList;
			buildConfigurations = (
				4CC23D8B1B97AD5800DF9CED /* Debug */,
				4CC23D8C1B97AD5800DF9CED /* Release */,
			);
			defaultConfigurationIsVisible = 0;
			defaultConfigurationName = Release;
		};
		4CC23D8D1B97AD5800DF9CED /* Build configuration list for PBXNativeTarget "EKG AnalizaTests" */ = {
			isa = XCConfigurationList;
			buildConfigurations = (
				4CC23D8E1B97AD5800DF9CED /* Debug */,
				4CC23D8F1B97AD5800DF9CED /* Release */,
			);
			defaultConfigurationIsVisible = 0;
			defaultConfigurationName = Release;
		};
/* End XCConfigurationList section */
	};
	rootObject = 4CC23D631B97AD5800DF9CED /* Project object */;
}
